// !$*UTF8*$!
{
	archiveVersion = 1;
	classes = {
	};
	objectVersion = 50;
	objects = {

/* Begin PBXBuildFile section */
		D943101D26A2BD360017C499 /* AppDelegate.m in Sources */ = {isa = PBXBuildFile; fileRef = D943101C26A2BD360017C499 /* AppDelegate.m */; };
		D943102026A2BD360017C499 /* SceneDelegate.m in Sources */ = {isa = PBXBuildFile; fileRef = D943101F26A2BD360017C499 /* SceneDelegate.m */; };
		D943102326A2BD360017C499 /* ViewController.m in Sources */ = {isa = PBXBuildFile; fileRef = D943102226A2BD360017C499 /* ViewController.m */; };
		D943102626A2BD360017C499 /* Main.storyboard in Resources */ = {isa = PBXBuildFile; fileRef = D943102426A2BD360017C499 /* Main.storyboard */; };
		D943102826A2BD380017C499 /* Assets.xcassets in Resources */ = {isa = PBXBuildFile; fileRef = D943102726A2BD380017C499 /* Assets.xcassets */; };
		D943102B26A2BD380017C499 /* LaunchScreen.storyboard in Resources */ = {isa = PBXBuildFile; fileRef = D943102926A2BD380017C499 /* LaunchScreen.storyboard */; };
		D943102E26A2BD380017C499 /* main.m in Sources */ = {isa = PBXBuildFile; fileRef = D943102D26A2BD380017C499 /* main.m */; };
		D9C7DB8A26A2D39E00B8DF9C /* LableController.m in Sources */ = {isa = PBXBuildFile; fileRef = D9C7DB8926A2D39E00B8DF9C /* LableController.m */; };
/* End PBXBuildFile section */

/* Begin PBXFileReference section */
		D943101826A2BD360017C499 /* ANewApp.app */ = {isa = PBXFileReference; explicitFileType = wrapper.application; includeInIndex = 0; path = ANewApp.app; sourceTree = BUILT_PRODUCTS_DIR; };
		D943101B26A2BD360017C499 /* AppDelegate.h */ = {isa = PBXFileReference; lastKnownFileType = sourcecode.c.h; path = AppDelegate.h; sourceTree = "<group>"; };
		D943101C26A2BD360017C499 /* AppDelegate.m */ = {isa = PBXFileReference; lastKnownFileType = sourcecode.c.objc; path = AppDelegate.m; sourceTree = "<group>"; };
		D943101E26A2BD360017C499 /* SceneDelegate.h */ = {isa = PBXFileReference; lastKnownFileType = sourcecode.c.h; path = SceneDelegate.h; sourceTree = "<group>"; };
		D943101F26A2BD360017C499 /* SceneDelegate.m */ = {isa = PBXFileReference; lastKnownFileType = sourcecode.c.objc; path = SceneDelegate.m; sourceTree = "<group>"; };
		D943102126A2BD360017C499 /* ViewController.h */ = {isa = PBXFileReference; lastKnownFileType = sourcecode.c.h; path = ViewController.h; sourceTree = "<group>"; };
		D943102226A2BD360017C499 /* ViewController.m */ = {isa = PBXFileReference; lastKnownFileType = sourcecode.c.objc; path = ViewController.m; sourceTree = "<group>"; };
		D943102526A2BD360017C499 /* Base */ = {isa = PBXFileReference; lastKnownFileType = file.storyboard; name = Base; path = Base.lproj/Main.storyboard; sourceTree = "<group>"; };
		D943102726A2BD380017C499 /* Assets.xcassets */ = {isa = PBXFileReference; lastKnownFileType = folder.assetcatalog; path = Assets.xcassets; sourceTree = "<group>"; };
		D943102A26A2BD380017C499 /* Base */ = {isa = PBXFileReference; lastKnownFileType = file.storyboard; name = Base; path = Base.lproj/LaunchScreen.storyboard; sourceTree = "<group>"; };
		D943102C26A2BD380017C499 /* Info.plist */ = {isa = PBXFileReference; lastKnownFileType = text.plist.xml; path = Info.plist; sourceTree = "<group>"; };
		D943102D26A2BD380017C499 /* main.m */ = {isa = PBXFileReference; lastKnownFileType = sourcecode.c.objc; path = main.m; sourceTree = "<group>"; };
		D9C7DB8626A2C7C100B8DF9C /* 枫.png */ = {isa = PBXFileReference; lastKnownFileType = image.png; path = "枫.png"; sourceTree = "<group>"; };
		D9C7DB8826A2D39E00B8DF9C /* LableController.h */ = {isa = PBXFileReference; lastKnownFileType = sourcecode.c.h; path = LableController.h; sourceTree = "<group>"; };
		D9C7DB8926A2D39E00B8DF9C /* LableController.m */ = {isa = PBXFileReference; lastKnownFileType = sourcecode.c.objc; path = LableController.m; sourceTree = "<group>"; };
/* End PBXFileReference section */

/* Begin PBXFrameworksBuildPhase section */
		D943101526A2BD360017C499 /* Frameworks */ = {
			isa = PBXFrameworksBuildPhase;
			buildActionMask = 2147483647;
			files = (
			);
			runOnlyForDeploymentPostprocessing = 0;
		};
/* End PBXFrameworksBuildPhase section */

/* Begin PBXGroup section */
		D943100F26A2BD360017C499 = {
			isa = PBXGroup;
			children = (
				D943101A26A2BD360017C499 /* ANewApp */,
				D943101926A2BD360017C499 /* Products */,
			);
			sourceTree = "<group>";
		};
		D943101926A2BD360017C499 /* Products */ = {
			isa = PBXGroup;
			children = (
				D943101826A2BD360017C499 /* ANewApp.app */,
			);
			name = Products;
			sourceTree = "<group>";
		};
		D943101A26A2BD360017C499 /* ANewApp */ = {
			isa = PBXGroup;
			children = (
				D9C7DB8326A2C76700B8DF9C /* resource */,
				D943101B26A2BD360017C499 /* AppDelegate.h */,
				D943101C26A2BD360017C499 /* AppDelegate.m */,
				D943101E26A2BD360017C499 /* SceneDelegate.h */,
				D943101F26A2BD360017C499 /* SceneDelegate.m */,
				D943102126A2BD360017C499 /* ViewController.h */,
				D943102226A2BD360017C499 /* ViewController.m */,
				D943102426A2BD360017C499 /* Main.storyboard */,
				D943102726A2BD380017C499 /* Assets.xcassets */,
				D943102926A2BD380017C499 /* LaunchScreen.storyboard */,
				D943102C26A2BD380017C499 /* Info.plist */,
				D943102D26A2BD380017C499 /* main.m */,
				D9C7DB8826A2D39E00B8DF9C /* LableController.h */,
				D9C7DB8926A2D39E00B8DF9C /* LableController.m */,
			);
			path = ANewApp;
			sourceTree = "<group>";
		};
		D9C7DB8326A2C76700B8DF9C /* resource */ = {
			isa = PBXGroup;
			children = (
				D9C7DB8626A2C7C100B8DF9C /* 枫.png */,
			);
			path = resource;
			sourceTree = "<group>";
		};
/* End PBXGroup section */

/* Begin PBXNativeTarget section */
		D943101726A2BD360017C499 /* ANewApp */ = {
			isa = PBXNativeTarget;
			buildConfigurationList = D943103126A2BD380017C499 /* Build configuration list for PBXNativeTarget "ANewApp" */;
			buildPhases = (
				D943101426A2BD360017C499 /* Sources */,
				D943101526A2BD360017C499 /* Frameworks */,
				D943101626A2BD360017C499 /* Resources */,
			);
			buildRules = (
			);
			dependencies = (
			);
			name = ANewApp;
			productName = ANewApp;
			productReference = D943101826A2BD360017C499 /* ANewApp.app */;
			productType = "com.apple.product-type.application";
		};
/* End PBXNativeTarget section */

/* Begin PBXProject section */
		D943101026A2BD360017C499 /* Project object */ = {
			isa = PBXProject;
			attributes = {
				LastUpgradeCheck = 1250;
				TargetAttributes = {
					D943101726A2BD360017C499 = {
						CreatedOnToolsVersion = 12.5.1;
					};
				};
			};
			buildConfigurationList = D943101326A2BD360017C499 /* Build configuration list for PBXProject "ANewApp" */;
			compatibilityVersion = "Xcode 9.3";
			developmentRegion = en;
			hasScannedForEncodings = 0;
			knownRegions = (
				en,
				Base,
			);
			mainGroup = D943100F26A2BD360017C499;
			productRefGroup = D943101926A2BD360017C499 /* Products */;
			projectDirPath = "";
			projectRoot = "";
			targets = (
				D943101726A2BD360017C499 /* ANewApp */,
			);
		};
/* End PBXProject section */

/* Begin PBXResourcesBuildPhase section */
		D943101626A2BD360017C499 /* Resources */ = {
			isa = PBXResourcesBuildPhase;
			buildActionMask = 2147483647;
			files = (
				D943102B26A2BD380017C499 /* LaunchScreen.storyboard in Resources */,
				D943102826A2BD380017C499 /* Assets.xcassets in Resources */,
				D943102626A2BD360017C499 /* Main.storyboard in Resources */,
			);
			runOnlyForDeploymentPostprocessing = 0;
		};
/* End PBXResourcesBuildPhase section */

/* Begin PBXSourcesBuildPhase section */
		D943101426A2BD360017C499 /* Sources */ = {
			isa = PBXSourcesBuildPhase;
			buildActionMask = 2147483647;
			files = (
				D943102326A2BD360017C499 /* ViewController.m in Sources */,
				D943101D26A2BD360017C499 /* AppDelegate.m in Sources */,
				D943102E26A2BD380017C499 /* main.m in Sources */,
				D9C7DB8A26A2D39E00B8DF9C /* LableController.m in Sources */,
				D943102026A2BD360017C499 /* SceneDelegate.m in Sources */,
			);
			runOnlyForDeploymentPostprocessing = 0;
		};
/* End PBXSourcesBuildPhase section */

/* Begin PBXVariantGroup section */
		D943102426A2BD360017C499 /* Main.storyboard */ = {
			isa = PBXVariantGroup;
			children = (
				D943102526A2BD360017C499 /* Base */,
			);
			name = Main.storyboard;
			sourceTree = "<group>";
		};
		D943102926A2BD380017C499 /* LaunchScreen.storyboard */ = {
			isa = PBXVariantGroup;
			children = (
				D943102A26A2BD380017C499 /* Base */,
			);
			name = LaunchScreen.storyboard;
			sourceTree = "<group>";
		};
/* End PBXVariantGroup section */

/* Begin XCBuildConfiguration section */
		D943102F26A2BD380017C499 /* Debug */ = {
			isa = XCBuildConfiguration;
			buildSettings = {
				ALWAYS_SEARCH_USER_PATHS = NO;
				CLANG_ANALYZER_NONNULL = YES;
				CLANG_ANALYZER_NUMBER_OBJECT_CONVERSION = YES_AGGRESSIVE;
				CLANG_CXX_LANGUAGE_STANDARD = "gnu++14";
				CLANG_CXX_LIBRARY = "libc++";
				CLANG_ENABLE_MODULES = YES;
				CLANG_ENABLE_OBJC_ARC = YES;
				CLANG_ENABLE_OBJC_WEAK = YES;
				CLANG_WARN_BLOCK_CAPTURE_AUTORELEASING = YES;
				CLANG_WARN_BOOL_CONVERSION = YES;
				CLANG_WARN_COMMA = YES;
				CLANG_WARN_CONSTANT_CONVERSION = YES;
				CLANG_WARN_DEPRECATED_OBJC_IMPLEMENTATIONS = YES;
				CLANG_WARN_DIRECT_OBJC_ISA_USAGE = YES_ERROR;
				CLANG_WARN_DOCUMENTATION_COMMENTS = YES;
				CLANG_WARN_EMPTY_BODY = YES;
				CLANG_WARN_ENUM_CONVERSION = YES;
				CLANG_WARN_INFINITE_RECURSION = YES;
				CLANG_WARN_INT_CONVERSION = YES;
				CLANG_WARN_NON_LITERAL_NULL_CONVERSION = YES;
				CLANG_WARN_OBJC_IMPLICIT_RETAIN_SELF = YES;
				CLANG_WARN_OBJC_LITERAL_CONVERSION = YES;
				CLANG_WARN_OBJC_ROOT_CLASS = YES_ERROR;
				CLANG_WARN_QUOTED_INCLUDE_IN_FRAMEWORK_HEADER = YES;
				CLANG_WARN_RANGE_LOOP_ANALYSIS = YES;
				CLANG_WARN_STRICT_PROTOTYPES = YES;
				CLANG_WARN_SUSPICIOUS_MOVE = YES;
				CLANG_WARN_UNGUARDED_AVAILABILITY = YES_AGGRESSIVE;
				CLANG_WARN_UNREACHABLE_CODE = YES;
				CLANG_WARN__DUPLICATE_METHOD_MATCH = YES;
				COPY_PHASE_STRIP = NO;
				DEBUG_INFORMATION_FORMAT = dwarf;
				ENABLE_STRICT_OBJC_MSGSEND = YES;
				ENABLE_TESTABILITY = YES;
				GCC_C_LANGUAGE_STANDARD = gnu11;
				GCC_DYNAMIC_NO_PIC = NO;
				GCC_NO_COMMON_BLOCKS = YES;
				GCC_OPTIMIZATION_LEVEL = 0;
				GCC_PREPROCESSOR_DEFINITIONS = (
					"DEBUG=1",
					"$(inherited)",
				);
				GCC_WARN_64_TO_32_BIT_CONVERSION = YES;
				GCC_WARN_ABOUT_RETURN_TYPE = YES_ERROR;
				GCC_WARN_UNDECLARED_SELECTOR = YES;
				GCC_WARN_UNINITIALIZED_AUTOS = YES_AGGRESSIVE;
				GCC_WARN_UNUSED_FUNCTION = YES;
				GCC_WARN_UNUSED_VARIABLE = YES;
				IPHONEOS_DEPLOYMENT_TARGET = 14.5;
				MTL_ENABLE_DEBUG_INFO = INCLUDE_SOURCE;
				MTL_FAST_MATH = YES;
				ONLY_ACTIVE_ARCH = YES;
				SDKROOT = iphoneos;
			};
			name = Debug;
		};
		D943103026A2BD380017C499 /* Release */ = {
			isa = XCBuildConfiguration;
			buildSettings = {
				ALWAYS_SEARCH_USER_PATHS = NO;
				CLANG_ANALYZER_NONNULL = YES;
				CLANG_ANALYZER_NUMBER_OBJECT_CONVERSION = YES_AGGRESSIVE;
				CLANG_CXX_LANGUAGE_STANDARD = "gnu++14";
				CLANG_CXX_LIBRARY = "libc++";
				CLANG_ENABLE_MODULES = YES;
				CLANG_ENABLE_OBJC_ARC = YES;
				CLANG_ENABLE_OBJC_WEAK = YES;
				CLANG_WARN_BLOCK_CAPTURE_AUTORELEASING = YES;
				CLANG_WARN_BOOL_CONVERSION = YES;
				CLANG_WARN_COMMA = YES;
				CLANG_WARN_CONSTANT_CONVERSION = YES;
				CLANG_WARN_DEPRECATED_OBJC_IMPLEMENTATIONS = YES;
				CLANG_WARN_DIRECT_OBJC_ISA_USAGE = YES_ERROR;
				CLANG_WARN_DOCUMENTATION_COMMENTS = YES;
				CLANG_WARN_EMPTY_BODY = YES;
				CLANG_WARN_ENUM_CONVERSION = YES;
				CLANG_WARN_INFINITE_RECURSION = YES;
				CLANG_WARN_INT_CONVERSION = YES;
				CLANG_WARN_NON_LITERAL_NULL_CONVERSION = YES;
				CLANG_WARN_OBJC_IMPLICIT_RETAIN_SELF = YES;
				CLANG_WARN_OBJC_LITERAL_CONVERSION = YES;
				CLANG_WARN_OBJC_ROOT_CLASS = YES_ERROR;
				CLANG_WARN_QUOTED_INCLUDE_IN_FRAMEWORK_HEADER = YES;
				CLANG_WARN_RANGE_LOOP_ANALYSIS = YES;
				CLANG_WARN_STRICT_PROTOTYPES = YES;
				CLANG_WARN_SUSPICIOUS_MOVE = YES;
				CLANG_WARN_UNGUARDED_AVAILABILITY = YES_AGGRESSIVE;
				CLANG_WARN_UNREACHABLE_CODE = YES;
				CLANG_WARN__DUPLICATE_METHOD_MATCH = YES;
				COPY_PHASE_STRIP = NO;
				DEBUG_INFORMATION_FORMAT = "dwarf-with-dsym";
				ENABLE_NS_ASSERTIONS = NO;
				ENABLE_STRICT_OBJC_MSGSEND = YES;
				GCC_C_LANGUAGE_STANDARD = gnu11;
				GCC_NO_COMMON_BLOCKS = YES;
				GCC_WARN_64_TO_32_BIT_CONVERSION = YES;
				GCC_WARN_ABOUT_RETURN_TYPE = YES_ERROR;
				GCC_WARN_UNDECLARED_SELECTOR = YES;
				GCC_WARN_UNINITIALIZED_AUTOS = YES_AGGRESSIVE;
				GCC_WARN_UNUSED_FUNCTION = YES;
				GCC_WARN_UNUSED_VARIABLE = YES;
				IPHONEOS_DEPLOYMENT_TARGET = 14.5;
				MTL_ENABLE_DEBUG_INFO = NO;
				MTL_FAST_MATH = YES;
				SDKROOT = iphoneos;
				VALIDATE_PRODUCT = YES;
			};
			name = Release;
		};
		D943103226A2BD380017C499 /* Debug */ = {
			isa = XCBuildConfiguration;
			buildSettings = {
				ASSETCATALOG_COMPILER_APPICON_NAME = AppIcon;
				ASSETCATALOG_COMPILER_GLOBAL_ACCENT_COLOR_NAME = AccentColor;
				CODE_SIGN_STYLE = Automatic;
				DEVELOPMENT_TEAM = A7DGK22DKF;
				INFOPLIST_FILE = ANewApp/Info.plist;
				IPHONEOS_DEPLOYMENT_TARGET = 12.3;
				LD_RUNPATH_SEARCH_PATHS = (
					"$(inherited)",
					"@executable_path/Frameworks",
				);
				PRODUCT_BUNDLE_IDENTIFIER = com.rrainzhang.ANewApp;
				PRODUCT_NAME = "$(TARGET_NAME)";
				TARGETED_DEVICE_FAMILY = "1,2";
			};
			name = Debug;
		};
		D943103326A2BD380017C499 /* Release */ = {
			isa = XCBuildConfiguration;
			buildSettings = {
				ASSETCATALOG_COMPILER_APPICON_NAME = AppIcon;
				ASSETCATALOG_COMPILER_GLOBAL_ACCENT_COLOR_NAME = AccentColor;
				CODE_SIGN_STYLE = Automatic;
				DEVELOPMENT_TEAM = A7DGK22DKF;
				INFOPLIST_FILE = ANewApp/Info.plist;
				IPHONEOS_DEPLOYMENT_TARGET = 12.3;
				LD_RUNPATH_SEARCH_PATHS = (
					"$(inherited)",
					"@executable_path/Frameworks",
				);
				PRODUCT_BUNDLE_IDENTIFIER = com.rrainzhang.ANewApp;
				PRODUCT_NAME = "$(TARGET_NAME)";
				TARGETED_DEVICE_FAMILY = "1,2";
			};
			name = Release;
		};
/* End XCBuildConfiguration section */

/* Begin XCConfigurationList section */
		D943101326A2BD360017C499 /* Build configuration list for PBXProject "ANewApp" */ = {
			isa = XCConfigurationList;
			buildConfigurations = (
				D943102F26A2BD380017C499 /* Debug */,
				D943103026A2BD380017C499 /* Release */,
			);
			defaultConfigurationIsVisible = 0;
			defaultConfigurationName = Release;
		};
		D943103126A2BD380017C499 /* Build configuration list for PBXNativeTarget "ANewApp" */ = {
			isa = XCConfigurationList;
			buildConfigurations = (
				D943103226A2BD380017C499 /* Debug */,
				D943103326A2BD380017C499 /* Release */,
			);
			defaultConfigurationIsVisible = 0;
			defaultConfigurationName = Release;
		};
/* End XCConfigurationList section */
	};
	rootObject = D943101026A2BD360017C499 /* Project object */;
}
